
Microsoft Visual Studio Solution File, Format Version 12.00
# Visual Studio Version 17
VisualStudioVersion = 17.9.34714.143
MinimumVisualStudioVersion = 10.0.40219.1
Project("{FAE04EC0-301F-11D3-BF4B-00C04F79EFBC}") = "Tarefa_API", "Tarefa_API\Tarefa_API.csproj", "{E87AF69C-839F-4809-82EF-DBF596980474}"
EndProject
Global
	GlobalSection(SolutionConfigurationPlatforms) = preSolution
		Debug|Any CPU = Debug|Any CPU
		Release|Any CPU = Release|Any CPU
	EndGlobalSection
	GlobalSection(ProjectConfigurationPlatforms) = postSolution
		{E87AF69C-839F-4809-82EF-DBF596980474}.Debug|Any CPU.ActiveCfg = Debug|Any CPU
		{E87AF69C-839F-4809-82EF-DBF596980474}.Debug|Any CPU.Build.0 = Debug|Any CPU
		{E87AF69C-839F-4809-82EF-DBF596980474}.Release|Any CPU.ActiveCfg = Release|Any CPU
		{E87AF69C-839F-4809-82EF-DBF596980474}.Release|Any CPU.Build.0 = Release|Any CPU
	EndGlobalSection
	GlobalSection(SolutionProperties) = preSolution
		HideSolutionNode = FALSE
	EndGlobalSection
	GlobalSection(ExtensibilityGlobals) = postSolution
		SolutionGuid = {C28B6179-FA2C-4531-8BA8-BECF8300AFBE}
	EndGlobalSection
EndGlobal
